
Microsoft Visual Studio Solution File, Format Version 12.00
# Visual Studio Version 17
VisualStudioVersion = 17.9.34622.214
MinimumVisualStudioVersion = 10.0.40219.1
Project("{2150E333-8FDC-42A3-9474-1A3956D46DE8}") = "src", "src", "{201EFE69-F059-4516-9459-4ED31FD13754}"
EndProject
Project("{9A19103F-16F7-4668-BE54-9A1E7A4F7556}") = "Covadis.blazor", "Covadis.blazor\Covadis.blazor.csproj", "{EECCC43E-F42B-4E77-9242-D626BFDE6864}"
	ProjectSection(ProjectDependencies) = postProject
		{DC28DBA8-A298-48AC-87B7-D261545DBC0D} = {DC28DBA8-A298-48AC-87B7-D261545DBC0D}
	EndProjectSection
EndProject
Project("{9A19103F-16F7-4668-BE54-9A1E7A4F7556}") = "Covadis.API", "src\corvadis.API\Covadis.API.csproj", "{80DFA327-04B3-4E52-810A-3F0573BBA1B3}"
EndProject
Project("{9A19103F-16F7-4668-BE54-9A1E7A4F7556}") = "Covadis.Shared", "GraafschapCollege.Shared\Covadis.Shared.csproj", "{DC28DBA8-A298-48AC-87B7-D261545DBC0D}"
EndProject
Global
	GlobalSection(SolutionConfigurationPlatforms) = preSolution
		Debug|Any CPU = Debug|Any CPU
		Release|Any CPU = Release|Any CPU
	EndGlobalSection
	GlobalSection(ProjectConfigurationPlatforms) = postSolution
		{EECCC43E-F42B-4E77-9242-D626BFDE6864}.Debug|Any CPU.ActiveCfg = Debug|Any CPU
		{EECCC43E-F42B-4E77-9242-D626BFDE6864}.Debug|Any CPU.Build.0 = Debug|Any CPU
		{EECCC43E-F42B-4E77-9242-D626BFDE6864}.Release|Any CPU.ActiveCfg = Release|Any CPU
		{EECCC43E-F42B-4E77-9242-D626BFDE6864}.Release|Any CPU.Build.0 = Release|Any CPU
		{80DFA327-04B3-4E52-810A-3F0573BBA1B3}.Debug|Any CPU.ActiveCfg = Debug|Any CPU
		{80DFA327-04B3-4E52-810A-3F0573BBA1B3}.Debug|Any CPU.Build.0 = Debug|Any CPU
		{80DFA327-04B3-4E52-810A-3F0573BBA1B3}.Release|Any CPU.ActiveCfg = Release|Any CPU
		{80DFA327-04B3-4E52-810A-3F0573BBA1B3}.Release|Any CPU.Build.0 = Release|Any CPU
		{DC28DBA8-A298-48AC-87B7-D261545DBC0D}.Debug|Any CPU.ActiveCfg = Debug|Any CPU
		{DC28DBA8-A298-48AC-87B7-D261545DBC0D}.Debug|Any CPU.Build.0 = Debug|Any CPU
		{DC28DBA8-A298-48AC-87B7-D261545DBC0D}.Release|Any CPU.ActiveCfg = Release|Any CPU
		{DC28DBA8-A298-48AC-87B7-D261545DBC0D}.Release|Any CPU.Build.0 = Release|Any CPU
	EndGlobalSection
	GlobalSection(SolutionProperties) = preSolution
		HideSolutionNode = FALSE
	EndGlobalSection
	GlobalSection(NestedProjects) = preSolution
		{EECCC43E-F42B-4E77-9242-D626BFDE6864} = {201EFE69-F059-4516-9459-4ED31FD13754}
		{80DFA327-04B3-4E52-810A-3F0573BBA1B3} = {201EFE69-F059-4516-9459-4ED31FD13754}
		{DC28DBA8-A298-48AC-87B7-D261545DBC0D} = {201EFE69-F059-4516-9459-4ED31FD13754}
	EndGlobalSection
	GlobalSection(ExtensibilityGlobals) = postSolution
		SolutionGuid = {3D631CFB-4949-4494-B3E4-AD26019323CE}
	EndGlobalSection
EndGlobal
